
Microsoft Visual Studio Solution File, Format Version 12.00
# Visual Studio Version 16
VisualStudioVersion = 16.6.30114.105
MinimumVisualStudioVersion = 10.0.40219.1
Project("{FAE04EC0-301F-11D3-BF4B-00C04F79EFBC}") = "Presentation.Web", "Presentation.Web\Presentation.Web.csproj", "{18942407-6514-4588-B2A4-C1EE9D3B9251}"
EndProject
Project("{FAE04EC0-301F-11D3-BF4B-00C04F79EFBC}") = "Application", "Application\Application.csproj", "{B60C58B4-D3FF-40DA-81E3-6F75B3996418}"
EndProject
Project("{FAE04EC0-301F-11D3-BF4B-00C04F79EFBC}") = "Domain", "Domain\Domain.csproj", "{3D549E58-9022-4CF8-BDA5-6FA3CCAE20C6}"
EndProject
Project("{FAE04EC0-301F-11D3-BF4B-00C04F79EFBC}") = "Infrastructure", "Infrastructure\Infrastructure.csproj", "{4853FCE1-BE7F-41C9-BB65-14D915C2891D}"
EndProject
Project("{FAE04EC0-301F-11D3-BF4B-00C04F79EFBC}") = "Shared", "Shared\Shared.csproj", "{5492ABE7-7B73-412D-ADA7-AEE8D3F64864}"
EndProject
Project("{FAE04EC0-301F-11D3-BF4B-00C04F79EFBC}") = "Tests", "Tests\Tests.csproj", "{3F1CF8C2-E3F9-442F-9C21-E9D7799C55A6}"
EndProject
Project("{FAE04EC0-301F-11D3-BF4B-00C04F79EFBC}") = "Presentation.ConsoleApp", "Presentation.ConsoleApp\Presentation.ConsoleApp.csproj", "{7EB7198A-6ECE-4D25-8F78-A1AE9565A4DC}"
EndProject
Project("{FAE04EC0-301F-11D3-BF4B-00C04F79EFBC}") = "Presentation.WebApi", "Presentation.WebApi\Presentation.WebApi.csproj", "{586F80D6-98FA-45B2-BADB-B57A876EAE22}"
EndProject
Project("{FAE04EC0-301F-11D3-BF4B-00C04F79EFBC}") = "Presentation.AuthServer", "Presentation.AuthServer\Presentation.AuthServer.csproj", "{BFB7AC6D-34F4-432C-9B2A-C8EBE78BA508}"
EndProject
Global
	GlobalSection(SolutionConfigurationPlatforms) = preSolution
		Debug|Any CPU = Debug|Any CPU
		Debug|x64 = Debug|x64
		Debug|x86 = Debug|x86
		Release|Any CPU = Release|Any CPU
		Release|x64 = Release|x64
		Release|x86 = Release|x86
	EndGlobalSection
	GlobalSection(SolutionProperties) = preSolution
		HideSolutionNode = FALSE
	EndGlobalSection
	GlobalSection(ProjectConfigurationPlatforms) = postSolution
		{18942407-6514-4588-B2A4-C1EE9D3B9251}.Debug|Any CPU.ActiveCfg = Debug|Any CPU
		{18942407-6514-4588-B2A4-C1EE9D3B9251}.Debug|Any CPU.Build.0 = Debug|Any CPU
		{18942407-6514-4588-B2A4-C1EE9D3B9251}.Debug|x64.ActiveCfg = Debug|Any CPU
		{18942407-6514-4588-B2A4-C1EE9D3B9251}.Debug|x64.Build.0 = Debug|Any CPU
		{18942407-6514-4588-B2A4-C1EE9D3B9251}.Debug|x86.ActiveCfg = Debug|Any CPU
		{18942407-6514-4588-B2A4-C1EE9D3B9251}.Debug|x86.Build.0 = Debug|Any CPU
		{18942407-6514-4588-B2A4-C1EE9D3B9251}.Release|Any CPU.ActiveCfg = Release|Any CPU
		{18942407-6514-4588-B2A4-C1EE9D3B9251}.Release|Any CPU.Build.0 = Release|Any CPU
		{18942407-6514-4588-B2A4-C1EE9D3B9251}.Release|x64.ActiveCfg = Release|Any CPU
		{18942407-6514-4588-B2A4-C1EE9D3B9251}.Release|x64.Build.0 = Release|Any CPU
		{18942407-6514-4588-B2A4-C1EE9D3B9251}.Release|x86.ActiveCfg = Release|Any CPU
		{18942407-6514-4588-B2A4-C1EE9D3B9251}.Release|x86.Build.0 = Release|Any CPU
		{B60C58B4-D3FF-40DA-81E3-6F75B3996418}.Debug|Any CPU.ActiveCfg = Debug|Any CPU
		{B60C58B4-D3FF-40DA-81E3-6F75B3996418}.Debug|Any CPU.Build.0 = Debug|Any CPU
		{B60C58B4-D3FF-40DA-81E3-6F75B3996418}.Debug|x64.ActiveCfg = Debug|Any CPU
		{B60C58B4-D3FF-40DA-81E3-6F75B3996418}.Debug|x64.Build.0 = Debug|Any CPU
		{B60C58B4-D3FF-40DA-81E3-6F75B3996418}.Debug|x86.ActiveCfg = Debug|Any CPU
		{B60C58B4-D3FF-40DA-81E3-6F75B3996418}.Debug|x86.Build.0 = Debug|Any CPU
		{B60C58B4-D3FF-40DA-81E3-6F75B3996418}.Release|Any CPU.ActiveCfg = Release|Any CPU
		{B60C58B4-D3FF-40DA-81E3-6F75B3996418}.Release|Any CPU.Build.0 = Release|Any CPU
		{B60C58B4-D3FF-40DA-81E3-6F75B3996418}.Release|x64.ActiveCfg = Release|Any CPU
		{B60C58B4-D3FF-40DA-81E3-6F75B3996418}.Release|x64.Build.0 = Release|Any CPU
		{B60C58B4-D3FF-40DA-81E3-6F75B3996418}.Release|x86.ActiveCfg = Release|Any CPU
		{B60C58B4-D3FF-40DA-81E3-6F75B3996418}.Release|x86.Build.0 = Release|Any CPU
		{3D549E58-9022-4CF8-BDA5-6FA3CCAE20C6}.Debug|Any CPU.ActiveCfg = Debug|Any CPU
		{3D549E58-9022-4CF8-BDA5-6FA3CCAE20C6}.Debug|Any CPU.Build.0 = Debug|Any CPU
		{3D549E58-9022-4CF8-BDA5-6FA3CCAE20C6}.Debug|x64.ActiveCfg = Debug|Any CPU
		{3D549E58-9022-4CF8-BDA5-6FA3CCAE20C6}.Debug|x64.Build.0 = Debug|Any CPU
		{3D549E58-9022-4CF8-BDA5-6FA3CCAE20C6}.Debug|x86.ActiveCfg = Debug|Any CPU
		{3D549E58-9022-4CF8-BDA5-6FA3CCAE20C6}.Debug|x86.Build.0 = Debug|Any CPU
		{3D549E58-9022-4CF8-BDA5-6FA3CCAE20C6}.Release|Any CPU.ActiveCfg = Release|Any CPU
		{3D549E58-9022-4CF8-BDA5-6FA3CCAE20C6}.Release|Any CPU.Build.0 = Release|Any CPU
		{3D549E58-9022-4CF8-BDA5-6FA3CCAE20C6}.Release|x64.ActiveCfg = Release|Any CPU
		{3D549E58-9022-4CF8-BDA5-6FA3CCAE20C6}.Release|x64.Build.0 = Release|Any CPU
		{3D549E58-9022-4CF8-BDA5-6FA3CCAE20C6}.Release|x86.ActiveCfg = Release|Any CPU
		{3D549E58-9022-4CF8-BDA5-6FA3CCAE20C6}.Release|x86.Build.0 = Release|Any CPU
		{4853FCE1-BE7F-41C9-BB65-14D915C2891D}.Debug|Any CPU.ActiveCfg = Debug|Any CPU
		{4853FCE1-BE7F-41C9-BB65-14D915C2891D}.Debug|Any CPU.Build.0 = Debug|Any CPU
		{4853FCE1-BE7F-41C9-BB65-14D915C2891D}.Debug|x64.ActiveCfg = Debug|Any CPU
		{4853FCE1-BE7F-41C9-BB65-14D915C2891D}.Debug|x64.Build.0 = Debug|Any CPU
		{4853FCE1-BE7F-41C9-BB65-14D915C2891D}.Debug|x86.ActiveCfg = Debug|Any CPU
		{4853FCE1-BE7F-41C9-BB65-14D915C2891D}.Debug|x86.Build.0 = Debug|Any CPU
		{4853FCE1-BE7F-41C9-BB65-14D915C2891D}.Release|Any CPU.ActiveCfg = Release|Any CPU
		{4853FCE1-BE7F-41C9-BB65-14D915C2891D}.Release|Any CPU.Build.0 = Release|Any CPU
		{4853FCE1-BE7F-41C9-BB65-14D915C2891D}.Release|x64.ActiveCfg = Release|Any CPU
		{4853FCE1-BE7F-41C9-BB65-14D915C2891D}.Release|x64.Build.0 = Release|Any CPU
		{4853FCE1-BE7F-41C9-BB65-14D915C2891D}.Release|x86.ActiveCfg = Release|Any CPU
		{4853FCE1-BE7F-41C9-BB65-14D915C2891D}.Release|x86.Build.0 = Release|Any CPU
		{5492ABE7-7B73-412D-ADA7-AEE8D3F64864}.Debug|Any CPU.ActiveCfg = Debug|Any CPU
		{5492ABE7-7B73-412D-ADA7-AEE8D3F64864}.Debug|Any CPU.Build.0 = Debug|Any CPU
		{5492ABE7-7B73-412D-ADA7-AEE8D3F64864}.Debug|x64.ActiveCfg = Debug|Any CPU
		{5492ABE7-7B73-412D-ADA7-AEE8D3F64864}.Debug|x64.Build.0 = Debug|Any CPU
		{5492ABE7-7B73-412D-ADA7-AEE8D3F64864}.Debug|x86.ActiveCfg = Debug|Any CPU
		{5492ABE7-7B73-412D-ADA7-AEE8D3F64864}.Debug|x86.Build.0 = Debug|Any CPU
		{5492ABE7-7B73-412D-ADA7-AEE8D3F64864}.Release|Any CPU.ActiveCfg = Release|Any CPU
		{5492ABE7-7B73-412D-ADA7-AEE8D3F64864}.Release|Any CPU.Build.0 = Release|Any CPU
		{5492ABE7-7B73-412D-ADA7-AEE8D3F64864}.Release|x64.ActiveCfg = Release|Any CPU
		{5492ABE7-7B73-412D-ADA7-AEE8D3F64864}.Release|x64.Build.0 = Release|Any CPU
		{5492ABE7-7B73-412D-ADA7-AEE8D3F64864}.Release|x86.ActiveCfg = Release|Any CPU
		{5492ABE7-7B73-412D-ADA7-AEE8D3F64864}.Release|x86.Build.0 = Release|Any CPU
		{3F1CF8C2-E3F9-442F-9C21-E9D7799C55A6}.Debug|Any CPU.ActiveCfg = Debug|Any CPU
		{3F1CF8C2-E3F9-442F-9C21-E9D7799C55A6}.Debug|Any CPU.Build.0 = Debug|Any CPU
		{3F1CF8C2-E3F9-442F-9C21-E9D7799C55A6}.Debug|x64.ActiveCfg = Debug|Any CPU
		{3F1CF8C2-E3F9-442F-9C21-E9D7799C55A6}.Debug|x64.Build.0 = Debug|Any CPU
		{3F1CF8C2-E3F9-442F-9C21-E9D7799C55A6}.Debug|x86.ActiveCfg = Debug|Any CPU
		{3F1CF8C2-E3F9-442F-9C21-E9D7799C55A6}.Debug|x86.Build.0 = Debug|Any CPU
		{3F1CF8C2-E3F9-442F-9C21-E9D7799C55A6}.Release|Any CPU.ActiveCfg = Release|Any CPU
		{3F1CF8C2-E3F9-442F-9C21-E9D7799C55A6}.Release|Any CPU.Build.0 = Release|Any CPU
		{3F1CF8C2-E3F9-442F-9C21-E9D7799C55A6}.Release|x64.ActiveCfg = Release|Any CPU
		{3F1CF8C2-E3F9-442F-9C21-E9D7799C55A6}.Release|x64.Build.0 = Release|Any CPU
		{3F1CF8C2-E3F9-442F-9C21-E9D7799C55A6}.Release|x86.ActiveCfg = Release|Any CPU
		{3F1CF8C2-E3F9-442F-9C21-E9D7799C55A6}.Release|x86.Build.0 = Release|Any CPU
		{5D09E244-6446-4E06-BA1C-4FF44E494C84}.Debug|Any CPU.ActiveCfg = Debug|Any CPU
		{5D09E244-6446-4E06-BA1C-4FF44E494C84}.Debug|Any CPU.Build.0 = Debug|Any CPU
		{5D09E244-6446-4E06-BA1C-4FF44E494C84}.Debug|x64.ActiveCfg = Debug|Any CPU
		{5D09E244-6446-4E06-BA1C-4FF44E494C84}.Debug|x64.Build.0 = Debug|Any CPU
		{5D09E244-6446-4E06-BA1C-4FF44E494C84}.Debug|x86.ActiveCfg = Debug|Any CPU
		{5D09E244-6446-4E06-BA1C-4FF44E494C84}.Debug|x86.Build.0 = Debug|Any CPU
		{5D09E244-6446-4E06-BA1C-4FF44E494C84}.Release|Any CPU.ActiveCfg = Release|Any CPU
		{5D09E244-6446-4E06-BA1C-4FF44E494C84}.Release|Any CPU.Build.0 = Release|Any CPU
		{5D09E244-6446-4E06-BA1C-4FF44E494C84}.Release|x64.ActiveCfg = Release|Any CPU
		{5D09E244-6446-4E06-BA1C-4FF44E494C84}.Release|x64.Build.0 = Release|Any CPU
		{5D09E244-6446-4E06-BA1C-4FF44E494C84}.Release|x86.ActiveCfg = Release|Any CPU
		{5D09E244-6446-4E06-BA1C-4FF44E494C84}.Release|x86.Build.0 = Release|Any CPU
		{7EB7198A-6ECE-4D25-8F78-A1AE9565A4DC}.Debug|Any CPU.ActiveCfg = Debug|Any CPU
		{7EB7198A-6ECE-4D25-8F78-A1AE9565A4DC}.Debug|Any CPU.Build.0 = Debug|Any CPU
		{7EB7198A-6ECE-4D25-8F78-A1AE9565A4DC}.Debug|x64.ActiveCfg = Debug|Any CPU
		{7EB7198A-6ECE-4D25-8F78-A1AE9565A4DC}.Debug|x64.Build.0 = Debug|Any CPU
		{7EB7198A-6ECE-4D25-8F78-A1AE9565A4DC}.Debug|x86.ActiveCfg = Debug|Any CPU
		{7EB7198A-6ECE-4D25-8F78-A1AE9565A4DC}.Debug|x86.Build.0 = Debug|Any CPU
		{7EB7198A-6ECE-4D25-8F78-A1AE9565A4DC}.Release|Any CPU.ActiveCfg = Release|Any CPU
		{7EB7198A-6ECE-4D25-8F78-A1AE9565A4DC}.Release|Any CPU.Build.0 = Release|Any CPU
		{7EB7198A-6ECE-4D25-8F78-A1AE9565A4DC}.Release|x64.ActiveCfg = Release|Any CPU
		{7EB7198A-6ECE-4D25-8F78-A1AE9565A4DC}.Release|x64.Build.0 = Release|Any CPU
		{7EB7198A-6ECE-4D25-8F78-A1AE9565A4DC}.Release|x86.ActiveCfg = Release|Any CPU
		{7EB7198A-6ECE-4D25-8F78-A1AE9565A4DC}.Release|x86.Build.0 = Release|Any CPU
		{586F80D6-98FA-45B2-BADB-B57A876EAE22}.Debug|Any CPU.ActiveCfg = Debug|Any CPU
		{586F80D6-98FA-45B2-BADB-B57A876EAE22}.Debug|Any CPU.Build.0 = Debug|Any CPU
		{586F80D6-98FA-45B2-BADB-B57A876EAE22}.Debug|x64.ActiveCfg = Debug|Any CPU
		{586F80D6-98FA-45B2-BADB-B57A876EAE22}.Debug|x64.Build.0 = Debug|Any CPU
		{586F80D6-98FA-45B2-BADB-B57A876EAE22}.Debug|x86.ActiveCfg = Debug|Any CPU
		{586F80D6-98FA-45B2-BADB-B57A876EAE22}.Debug|x86.Build.0 = Debug|Any CPU
		{586F80D6-98FA-45B2-BADB-B57A876EAE22}.Release|Any CPU.ActiveCfg = Release|Any CPU
		{586F80D6-98FA-45B2-BADB-B57A876EAE22}.Release|Any CPU.Build.0 = Release|Any CPU
		{586F80D6-98FA-45B2-BADB-B57A876EAE22}.Release|x64.ActiveCfg = Release|Any CPU
		{586F80D6-98FA-45B2-BADB-B57A876EAE22}.Release|x64.Build.0 = Release|Any CPU
		{586F80D6-98FA-45B2-BADB-B57A876EAE22}.Release|x86.ActiveCfg = Release|Any CPU
		{586F80D6-98FA-45B2-BADB-B57A876EAE22}.Release|x86.Build.0 = Release|Any CPU
		{BFB7AC6D-34F4-432C-9B2A-C8EBE78BA508}.Debug|Any CPU.ActiveCfg = Debug|Any CPU
		{BFB7AC6D-34F4-432C-9B2A-C8EBE78BA508}.Debug|Any CPU.Build.0 = Debug|Any CPU
		{BFB7AC6D-34F4-432C-9B2A-C8EBE78BA508}.Debug|x64.ActiveCfg = Debug|Any CPU
		{BFB7AC6D-34F4-432C-9B2A-C8EBE78BA508}.Debug|x64.Build.0 = Debug|Any CPU
		{BFB7AC6D-34F4-432C-9B2A-C8EBE78BA508}.Debug|x86.ActiveCfg = Debug|Any CPU
		{BFB7AC6D-34F4-432C-9B2A-C8EBE78BA508}.Debug|x86.Build.0 = Debug|Any CPU
		{BFB7AC6D-34F4-432C-9B2A-C8EBE78BA508}.Release|Any CPU.ActiveCfg = Release|Any CPU
		{BFB7AC6D-34F4-432C-9B2A-C8EBE78BA508}.Release|Any CPU.Build.0 = Release|Any CPU
		{BFB7AC6D-34F4-432C-9B2A-C8EBE78BA508}.Release|x64.ActiveCfg = Release|Any CPU
		{BFB7AC6D-34F4-432C-9B2A-C8EBE78BA508}.Release|x64.Build.0 = Release|Any CPU
		{BFB7AC6D-34F4-432C-9B2A-C8EBE78BA508}.Release|x86.ActiveCfg = Release|Any CPU
		{BFB7AC6D-34F4-432C-9B2A-C8EBE78BA508}.Release|x86.Build.0 = Release|Any CPU
	EndGlobalSection
EndGlobal
